PODS:
  - dixa_flutter (0.0.1):
    - Flutter
  - Flutter (1.0.0)

DEPENDENCIES:
  - dixa_flutter (from `.symlinks/plugins/dixa_flutter/ios`)
  - Flutter (from `Flutter`)

EXTERNAL SOURCES:
  dixa_flutter:
    :path: ".symlinks/plugins/dixa_flutter/ios"
  Flutter:
    :path: Flutter

SPEC CHECKSUMS:
  dixa_flutter: 964740f00c6a53433c09d06475db8d4a607ad116
  Flutter: f04841e97a9d0b0a8025694d0796dd46242b2854

PODFILE CHECKSUM: 4e8f8b2be68aeea4c0d5beb6ff1e79fface1d048

COCOAPODS: 1.11.3
